
Microsoft Visual Studio Solution File, Format Version 12.00
# Visual Studio 15
VisualStudioVersion = 15.0.28010.2026
MinimumVisualStudioVersion = 10.0.40219.1
Project("{9A19103F-16F7-4668-BE54-9A1E7A4F7556}") = "Nordril.Graphs", "Nordril.Graphs\Nordril.Graphs.csproj", "{B762BDAC-4614-4EC1-BFF0-B3D659863983}"
EndProject
Project("{FAE04EC0-301F-11D3-BF4B-00C04F79EFBC}") = "Nordril.Graphs.Tests", "Nordril.Graphs.Tests\Nordril.Graphs.Tests.csproj", "{806395ED-B65A-4978-BCC8-A22E1BE02827}"
EndProject
Global
	GlobalSection(SolutionConfigurationPlatforms) = preSolution
		Debug|Any CPU = Debug|Any CPU
		Release|Any CPU = Release|Any CPU
	EndGlobalSection
	GlobalSection(ProjectConfigurationPlatforms) = postSolution
		{B762BDAC-4614-4EC1-BFF0-B3D659863983}.Debug|Any CPU.ActiveCfg = Debug|Any CPU
		{B762BDAC-4614-4EC1-BFF0-B3D659863983}.Debug|Any CPU.Build.0 = Debug|Any CPU
		{B762BDAC-4614-4EC1-BFF0-B3D659863983}.Release|Any CPU.ActiveCfg = Release|Any CPU
		{B762BDAC-4614-4EC1-BFF0-B3D659863983}.Release|Any CPU.Build.0 = Release|Any CPU
		{806395ED-B65A-4978-BCC8-A22E1BE02827}.Debug|Any CPU.ActiveCfg = Debug|Any CPU
		{806395ED-B65A-4978-BCC8-A22E1BE02827}.Debug|Any CPU.Build.0 = Debug|Any CPU
		{806395ED-B65A-4978-BCC8-A22E1BE02827}.Release|Any CPU.ActiveCfg = Release|Any CPU
		{806395ED-B65A-4978-BCC8-A22E1BE02827}.Release|Any CPU.Build.0 = Release|Any CPU
	EndGlobalSection
	GlobalSection(SolutionProperties) = preSolution
		HideSolutionNode = FALSE
	EndGlobalSection
	GlobalSection(ExtensibilityGlobals) = postSolution
		SolutionGuid = {61EBE648-A8C2-4D29-9DF3-34315300C96C}
	EndGlobalSection
EndGlobal
